❯ tfa
module.site.data.aws_cloudfront_cache_policy.cachingoptimized: Reading...
module.site.data.aws_cloudfront_origin_request_policy.cors_s3origin: Reading...
module.site.data.aws_cloudfront_response_headers_policy.security_headers_policy: Reading...
module.site.data.aws_cloudfront_cache_policy.cachingoptimized: Read complete after 1s [id=658327ea-f89d-4fab-a63d-7e88639e58f6]
module.site.data.aws_cloudfront_origin_request_policy.cors_s3origin: Read complete after 1s [id=88a5eaf4-2fd4-4709-b370-b4c650ea3fcf]
module.site.data.aws_cloudfront_response_headers_policy.security_headers_policy: Read complete after 1s [id=67f7725c-6f97-4210-82d7-5512b31e9d03]

OpenTofu used the selected providers to generate the following execution plan. Resource actions are indicated with the following symbols:
  + create
 <= read (data resources)

OpenTofu will perform the following actions:

  # module.site.data.aws_iam_policy_document.main will be read during apply
  # (config refers to values not yet known)
 <= data "aws_iam_policy_document" "main" {
      + id            = (known after apply)
      + json          = (known after apply)
      + minified_json = (known after apply)

      + statement {
          + actions   = [
              + "s3:GetObject",
            ]
          + resources = [
              + (known after apply),
            ]

          + principals {
              + identifiers = [
                  + (known after apply),
                ]
              + type        = "AWS"
            }
        }
      + statement {
          + actions   = [
              + "s3:ListBucket",
            ]
          + resources = [
              + (known after apply),
            ]

          + principals {
              + identifiers = [
                  + (known after apply),
                ]
              + type        = "AWS"
            }
        }
    }

  # module.site.data.aws_route53_zone.validation_zones["example.com"] will be read during apply
  # (depends on a resource or a module with changes pending)
 <= data "aws_route53_zone" "validation_zones" {
      + arn                        = (known after apply)
      + caller_reference           = (known after apply)
      + comment                    = (known after apply)
      + id                         = (known after apply)
      + linked_service_description = (known after apply)
      + linked_service_principal   = (known after apply)
      + name                       = "example.com"
      + name_servers               = (known after apply)
      + primary_name_server        = (known after apply)
      + private_zone               = false
      + resource_record_set_count  = (known after apply)
      + tags                       = (known after apply)
      + vpc_id                     = (known after apply)
      + zone_id                    = (known after apply)
    }

  # module.site.aws_acm_certificate.main will be created
  + resource "aws_acm_certificate" "main" {
      + arn                       = (known after apply)
      + domain_name               = "example.com"
      + domain_validation_options = [
          + {
              + domain_name           = "example.com"
              + resource_record_name  = (known after apply)
              + resource_record_type  = (known after apply)
              + resource_record_value = (known after apply)
            },
        ]
      + id                        = (known after apply)
      + key_algorithm             = (known after apply)
      + not_after                 = (known after apply)
      + not_before                = (known after apply)
      + pending_renewal           = (known after apply)
      + region                    = "us-east-1"
      + renewal_eligibility       = (known after apply)
      + renewal_summary           = (known after apply)
      + status                    = (known after apply)
      + subject_alternative_names = [
          + "example.com",
        ]
      + tags_all                  = {
          + "env" = "prod"
        }
      + type                      = (known after apply)
      + validation_emails         = (known after apply)
      + validation_method         = "DNS"

      + options (known after apply)
    }

  # module.site.aws_acm_certificate_validation.main will be created
  + resource "aws_acm_certificate_validation" "main" {
      + certificate_arn         = (known after apply)
      + id                      = (known after apply)
      + region                  = "us-east-1"
      + validation_record_fqdns = (known after apply)
    }

  # module.site.aws_cloudfront_distribution.main will be created
  + resource "aws_cloudfront_distribution" "main" {
      + aliases                         = [
          + "example.com",
        ]
      + arn                             = (known after apply)
      + caller_reference                = (known after apply)
      + comment                         = "prod-mysite"
      + continuous_deployment_policy_id = (known after apply)
      + default_root_object             = "index.html"
      + domain_name                     = (known after apply)
      + enabled                         = true
      + etag                            = (known after apply)
      + hosted_zone_id                  = (known after apply)
      + http_version                    = "http2"
      + id                              = (known after apply)
      + in_progress_validation_batches  = (known after apply)
      + is_ipv6_enabled                 = true
      + last_modified_time              = (known after apply)
      + logging_v1_enabled              = (known after apply)
      + price_class                     = "PriceClass_All"
      + retain_on_delete                = false
      + staging                         = false
      + status                          = (known after apply)
      + tags_all                        = {
          + "env" = "prod"
        }
      + trusted_key_groups              = (known after apply)
      + trusted_signers                 = (known after apply)
      + wait_for_deployment             = true

      + default_cache_behavior {
          + allowed_methods            = [
              + "GET",
              + "HEAD",
              + "OPTIONS",
            ]
          + cache_policy_id            = "658327ea-f89d-4fab-a63d-7e88639e58f6"
          + cached_methods             = [
              + "GET",
              + "HEAD",
            ]
          + compress                   = true
          + default_ttl                = 86400
          + max_ttl                    = 31536000
          + min_ttl                    = 86400
          + origin_request_policy_id   = "88a5eaf4-2fd4-4709-b370-b4c650ea3fcf"
          + response_headers_policy_id = "67f7725c-6f97-4210-82d7-5512b31e9d03"
          + target_origin_id           = (known after apply)
          + trusted_key_groups         = (known after apply)
          + trusted_signers            = (known after apply)
          + viewer_protocol_policy     = "redirect-to-https"

          + grpc_config (known after apply)
        }

      + origin {
          + connection_attempts         = 3
          + connection_timeout          = 10
          + domain_name                 = (known after apply)
          + origin_id                   = (known after apply)
          + response_completion_timeout = (known after apply)

          + s3_origin_config {
              + origin_access_identity = (known after apply)
            }
        }

      + restrictions {
          + geo_restriction {
              + locations        = (known after apply)
              + restriction_type = "none"
            }
        }

      + viewer_certificate {
          + acm_certificate_arn      = (known after apply)
          + minimum_protocol_version = "TLSv1.3_2025"
          + ssl_support_method       = "sni-only"
        }
    }

  # module.site.aws_cloudfront_origin_access_identity.main will be created
  + resource "aws_cloudfront_origin_access_identity" "main" {
      + arn                             = (known after apply)
      + caller_reference                = (known after apply)
      + cloudfront_access_identity_path = (known after apply)
      + comment                         = "prod-mysite"
      + etag                            = (known after apply)
      + iam_arn                         = (known after apply)
      + id                              = (known after apply)
      + s3_canonical_user_id            = (known after apply)
    }

  # module.site.aws_route53_record.acm["example.com"] will be created
  + resource "aws_route53_record" "acm" {
      + allow_overwrite = true
      + fqdn            = (known after apply)
      + id              = (known after apply)
      + name            = (known after apply)
      + records         = (known after apply)
      + ttl             = 60
      + type            = (known after apply)
      + zone_id         = (known after apply)
    }

  # module.site.aws_s3_bucket.main will be created
  + resource "aws_s3_bucket" "main" {
      + acceleration_status         = (known after apply)
      + acl                         = (known after apply)
      + arn                         = (known after apply)
      + bucket                      = "prod-mysite"
      + bucket_domain_name          = (known after apply)
      + bucket_prefix               = (known after apply)
      + bucket_region               = (known after apply)
      + bucket_regional_domain_name = (known after apply)
      + force_destroy               = false
      + hosted_zone_id              = (known after apply)
      + id                          = (known after apply)
      + object_lock_enabled         = (known after apply)
      + policy                      = (known after apply)
      + region                      = "ap-southeast-2"
      + request_payer               = (known after apply)
      + tags_all                    = {
          + "env" = "prod"
        }
      + website_domain              = (known after apply)
      + website_endpoint            = (known after apply)

      + cors_rule (known after apply)

      + grant (known after apply)

      + lifecycle_rule (known after apply)

      + logging (known after apply)

      + object_lock_configuration (known after apply)

      + replication_configuration (known after apply)

      + server_side_encryption_configuration (known after apply)

      + versioning (known after apply)

      + website (known after apply)
    }

  # module.site.aws_s3_bucket_policy.main will be created
  + resource "aws_s3_bucket_policy" "main" {
      + bucket = (known after apply)
      + id     = (known after apply)
      + policy = (known after apply)
      + region = "ap-southeast-2"
    }

  # module.site.aws_s3_bucket_public_access_block.main will be created
  + resource "aws_s3_bucket_public_access_block" "main" {
      + block_public_acls       = true
      + block_public_policy     = true
      + bucket                  = (known after apply)
      + id                      = (known after apply)
      + ignore_public_acls      = true
      + region                  = "ap-southeast-2"
      + restrict_public_buckets = true
    }

  # module.site.aws_s3_bucket_server_side_encryption_configuration.main will be created
  + resource "aws_s3_bucket_server_side_encryption_configuration" "main" {
      + bucket = "prod-mysite"
      + id     = (known after apply)
      + region = "ap-southeast-2"

      + rule {
          + apply_server_side_encryption_by_default {
              + sse_algorithm = "AES256"
            }
        }
    }

Plan: 9 to add, 0 to change, 0 to destroy.

Do you want to perform these actions?
  OpenTofu will perform the actions described above.
  Only 'yes' will be accepted to approve.

  Enter a value: no

Apply cancelled.
